
Microsoft Visual Studio Solution File, Format Version 12.00
# Visual Studio 15
VisualStudioVersion = 15.0.27428.2037
MinimumVisualStudioVersion = 10.0.40219.1
Project("{8BC9CEB8-8B4A-11D0-8D11-00A0C91BC942}") = "TuringMachineSimulator", "TuringMachineSimulator\TuringMachineSimulator.vcxproj", "{93014346-99A2-4528-B1AD-985CE7C3908F}"
EndProject
Global
	GlobalSection(SolutionConfigurationPlatforms) = preSolution
		Debug|x64 = Debug|x64
		Debug|x86 = Debug|x86
		Release|x64 = Release|x64
		Release|x86 = Release|x86
	EndGlobalSection
	GlobalSection(ProjectConfigurationPlatforms) = postSolution
		{93014346-99A2-4528-B1AD-985CE7C3908F}.Debug|x64.ActiveCfg = Debug|x64
		{93014346-99A2-4528-B1AD-985CE7C3908F}.Debug|x64.Build.0 = Debug|x64
		{93014346-99A2-4528-B1AD-985CE7C3908F}.Debug|x86.ActiveCfg = Debug|Win32
		{93014346-99A2-4528-B1AD-985CE7C3908F}.Debug|x86.Build.0 = Debug|Win32
		{93014346-99A2-4528-B1AD-985CE7C3908F}.Release|x64.ActiveCfg = Release|x64
		{93014346-99A2-4528-B1AD-985CE7C3908F}.Release|x64.Build.0 = Release|x64
		{93014346-99A2-4528-B1AD-985CE7C3908F}.Release|x86.ActiveCfg = Release|Win32
		{93014346-99A2-4528-B1AD-985CE7C3908F}.Release|x86.Build.0 = Release|Win32
	EndGlobalSection
	GlobalSection(SolutionProperties) = preSolution
		HideSolutionNode = FALSE
	EndGlobalSection
	GlobalSection(ExtensibilityGlobals) = postSolution
		SolutionGuid = {B55B71A9-4956-432A-9995-BFE63FD2A6CD}
	EndGlobalSection
EndGlobal
